
Microsoft Visual Studio Solution File, Format Version 12.00
# Visual Studio Version 17
VisualStudioVersion = 17.8.34511.84
MinimumVisualStudioVersion = 10.0.40219.1
Project("{8BC9CEB8-8B4A-11D0-8D11-00A0C91BC942}") = "old source", "FAT\FAT.vcxproj", "{8DC96C69-5201-4258-9A0B-84707A5739B0}"
EndProject
Project("{8BC9CEB8-8B4A-11D0-8D11-00A0C91BC942}") = "src2", "src2\src2.vcxproj", "{D2FC404E-8802-4EAD-863C-56D804E8FD9B}"
EndProject
Project("{2150E333-8FDC-42A3-9474-1A3956D46DE8}") = "Solution Items", "Solution Items", "{5B1B5402-46D6-4027-9FCE-055ABF560FE8}"
	ProjectSection(SolutionItems) = preProject
		C:\Users\THINKPAD\Desktop\Explain.pdf = C:\Users\THINKPAD\Desktop\Explain.pdf
		C:\Users\THINKPAD\Desktop\Project 1 - Quan ly he thong tap tin.pdf = C:\Users\THINKPAD\Desktop\Project 1 - Quan ly he thong tap tin.pdf
	EndProjectSection
EndProject
Global
	GlobalSection(SolutionConfigurationPlatforms) = preSolution
		Debug|x64 = Debug|x64
		Debug|x86 = Debug|x86
		Release|x64 = Release|x64
		Release|x86 = Release|x86
	EndGlobalSection
	GlobalSection(ProjectConfigurationPlatforms) = postSolution
		{8DC96C69-5201-4258-9A0B-84707A5739B0}.Debug|x64.ActiveCfg = Debug|x64
		{8DC96C69-5201-4258-9A0B-84707A5739B0}.Debug|x64.Build.0 = Debug|x64
		{8DC96C69-5201-4258-9A0B-84707A5739B0}.Debug|x86.ActiveCfg = Debug|Win32
		{8DC96C69-5201-4258-9A0B-84707A5739B0}.Debug|x86.Build.0 = Debug|Win32
		{8DC96C69-5201-4258-9A0B-84707A5739B0}.Release|x64.ActiveCfg = Release|x64
		{8DC96C69-5201-4258-9A0B-84707A5739B0}.Release|x64.Build.0 = Release|x64
		{8DC96C69-5201-4258-9A0B-84707A5739B0}.Release|x86.ActiveCfg = Release|Win32
		{8DC96C69-5201-4258-9A0B-84707A5739B0}.Release|x86.Build.0 = Release|Win32
		{D2FC404E-8802-4EAD-863C-56D804E8FD9B}.Debug|x64.ActiveCfg = Debug|x64
		{D2FC404E-8802-4EAD-863C-56D804E8FD9B}.Debug|x64.Build.0 = Debug|x64
		{D2FC404E-8802-4EAD-863C-56D804E8FD9B}.Debug|x86.ActiveCfg = Debug|Win32
		{D2FC404E-8802-4EAD-863C-56D804E8FD9B}.Debug|x86.Build.0 = Debug|Win32
		{D2FC404E-8802-4EAD-863C-56D804E8FD9B}.Release|x64.ActiveCfg = Release|x64
		{D2FC404E-8802-4EAD-863C-56D804E8FD9B}.Release|x64.Build.0 = Release|x64
		{D2FC404E-8802-4EAD-863C-56D804E8FD9B}.Release|x86.ActiveCfg = Release|Win32
		{D2FC404E-8802-4EAD-863C-56D804E8FD9B}.Release|x86.Build.0 = Release|Win32
	EndGlobalSection
	GlobalSection(SolutionProperties) = preSolution
		HideSolutionNode = FALSE
	EndGlobalSection
	GlobalSection(ExtensibilityGlobals) = postSolution
		SolutionGuid = {81DAB6A7-629E-4749-B95D-0C91005E25A1}
	EndGlobalSection
EndGlobal
